// !$*UTF8*$!
{
	archiveVersion = 1;
	classes = {
	};
	objectVersion = 56;
	objects = {

/* Begin PBXBuildFile section */
		2D5A5FE1793964244B715554 /* Pods_AirbnbCloneBootcamp.framework in Frameworks */ = {isa = PBXBuildFile; fileRef = F8DF0EDBF572F1D13AF791F5 /* Pods_AirbnbCloneBootcamp.framework */; };
		5524DFD22C61AC9200D0694B /* AppDelegate.swift in Sources */ = {isa = PBXBuildFile; fileRef = 5524DFD12C61AC9200D0694B /* AppDelegate.swift */; };
		5524DFD42C61AC9200D0694B /* SceneDelegate.swift in Sources */ = {isa = PBXBuildFile; fileRef = 5524DFD32C61AC9200D0694B /* SceneDelegate.swift */; };
		5524DFD62C61AC9200D0694B /* MainTabBarController.swift in Sources */ = {isa = PBXBuildFile; fileRef = 5524DFD52C61AC9200D0694B /* MainTabBarController.swift */; };
		5524DFDB2C61AC9400D0694B /* Assets.xcassets in Resources */ = {isa = PBXBuildFile; fileRef = 5524DFDA2C61AC9400D0694B /* Assets.xcassets */; };
		5524DFDE2C61AC9400D0694B /* Base in Resources */ = {isa = PBXBuildFile; fileRef = 5524DFDD2C61AC9400D0694B /* Base */; };
		5524DFEC2C61B24100D0694B /* ExploreScreen.swift in Sources */ = {isa = PBXBuildFile; fileRef = 5524DFE82C61B24100D0694B /* ExploreScreen.swift */; };
		5524DFED2C61B24100D0694B /* ExploreVC.swift in Sources */ = {isa = PBXBuildFile; fileRef = 5524DFEA2C61B24100D0694B /* ExploreVC.swift */; };
		5524DFF12C61B3E400D0694B /* FavoriteScreen.swift in Sources */ = {isa = PBXBuildFile; fileRef = 5524DFF02C61B3E400D0694B /* FavoriteScreen.swift */; };
		5524DFF52C61B48D00D0694B /* FavoriteVC.swift in Sources */ = {isa = PBXBuildFile; fileRef = 5524DFF42C61B48D00D0694B /* FavoriteVC.swift */; };
		5524DFFA2C61B55200D0694B /* TravelVC.swift in Sources */ = {isa = PBXBuildFile; fileRef = 5524DFF92C61B55200D0694B /* TravelVC.swift */; };
		5524DFFC2C61B56100D0694B /* MessageVC.swift in Sources */ = {isa = PBXBuildFile; fileRef = 5524DFFB2C61B56100D0694B /* MessageVC.swift */; };
		5524DFFE2C61B56F00D0694B /* ProfileVC.swift in Sources */ = {isa = PBXBuildFile; fileRef = 5524DFFD2C61B56F00D0694B /* ProfileVC.swift */; };
		5524E0032C61B5E000D0694B /* ProfileScreen.swift in Sources */ = {isa = PBXBuildFile; fileRef = 5524E0022C61B5E000D0694B /* ProfileScreen.swift */; };
		5524E0052C61B5F200D0694B /* MessageScreen.swift in Sources */ = {isa = PBXBuildFile; fileRef = 5524E0042C61B5F200D0694B /* MessageScreen.swift */; };
		5524E0072C61B60100D0694B /* TravelScreen.swift in Sources */ = {isa = PBXBuildFile; fileRef = 5524E0062C61B60100D0694B /* TravelScreen.swift */; };
		552A904C2C993F5500BC8A45 /* PropertyDataModel.swift in Sources */ = {isa = PBXBuildFile; fileRef = 552A904B2C993F5500BC8A45 /* PropertyDataModel.swift */; };
		552A904E2C99402F00BC8A45 /* DestinationTableViewCell.swift in Sources */ = {isa = PBXBuildFile; fileRef = 552A904D2C99402F00BC8A45 /* DestinationTableViewCell.swift */; };
		552A90502C9951B100BC8A45 /* CategoryImageCollectionViewCell.swift in Sources */ = {isa = PBXBuildFile; fileRef = 552A904F2C9951B100BC8A45 /* CategoryImageCollectionViewCell.swift */; };
		552A90532C9969B000BC8A45 /* ExploreService.swift in Sources */ = {isa = PBXBuildFile; fileRef = 552A90522C9969B000BC8A45 /* ExploreService.swift */; };
		552EE2F32C7D5CB300400F58 /* CategoryCollectionViewCell.swift in Sources */ = {isa = PBXBuildFile; fileRef = 552EE2F22C7D5CB300400F58 /* CategoryCollectionViewCell.swift */; };
		552EE2F62C7D63A000400F58 /* ExploreViewModel.swift in Sources */ = {isa = PBXBuildFile; fileRef = 552EE2F52C7D63A000400F58 /* ExploreViewModel.swift */; };
		552EE2F92C7D644600400F58 /* TravelCategory.swift in Sources */ = {isa = PBXBuildFile; fileRef = 552EE2F82C7D644600400F58 /* TravelCategory.swift */; };
		558F20FF2C8A84B100986D4D /* category.json in Resources */ = {isa = PBXBuildFile; fileRef = 558F20FE2C8A84B100986D4D /* category.json */; };
		55CD567A2C9CE68300E6A85E /* APIClient.swift in Sources */ = {isa = PBXBuildFile; fileRef = 55CD56662C9CE68300E6A85E /* APIClient.swift */; };
		55CD567B2C9CE68300E6A85E /* HTTPClient.swift in Sources */ = {isa = PBXBuildFile; fileRef = 55CD56672C9CE68300E6A85E /* HTTPClient.swift */; };
		55CD567C2C9CE68300E6A85E /* APIRequest.swift in Sources */ = {isa = PBXBuildFile; fileRef = 55CD56692C9CE68300E6A85E /* APIRequest.swift */; };
		55CD567D2C9CE68300E6A85E /* EmptyResponse.swift in Sources */ = {isa = PBXBuildFile; fileRef = 55CD566B2C9CE68300E6A85E /* EmptyResponse.swift */; };
		55CD567E2C9CE68300E6A85E /* HTTPMethod.swift in Sources */ = {isa = PBXBuildFile; fileRef = 55CD566D2C9CE68300E6A85E /* HTTPMethod.swift */; };
		55CD567F2C9CE68300E6A85E /* LocalFileReader.swift in Sources */ = {isa = PBXBuildFile; fileRef = 55CD566F2C9CE68300E6A85E /* LocalFileReader.swift */; };
		55CD56802C9CE68300E6A85E /* NetworkError.swift in Sources */ = {isa = PBXBuildFile; fileRef = 55CD56712C9CE68300E6A85E /* NetworkError.swift */; };
		55CD56812C9CE68300E6A85E /* NetworkLogger.swift in Sources */ = {isa = PBXBuildFile; fileRef = 55CD56732C9CE68300E6A85E /* NetworkLogger.swift */; };
		55CD56822C9CE68300E6A85E /* Parameters.swift in Sources */ = {isa = PBXBuildFile; fileRef = 55CD56752C9CE68300E6A85E /* Parameters.swift */; };
		55CD56832C9CE68300E6A85E /* RequestBuilder.swift in Sources */ = {isa = PBXBuildFile; fileRef = 55CD56772C9CE68300E6A85E /* RequestBuilder.swift */; };
		55CD56852C9CE69200E6A85E /* place.json in Resources */ = {isa = PBXBuildFile; fileRef = 55CD56842C9CE69200E6A85E /* place.json */; };
		55D706DE2CA20F6C008461EF /* LoginScreen.swift in Sources */ = {isa = PBXBuildFile; fileRef = 55D706D72CA20F6B008461EF /* LoginScreen.swift */; };
		55D706DF2CA20F6C008461EF /* RegisterButtonView.swift in Sources */ = {isa = PBXBuildFile; fileRef = 55D706D82CA20F6B008461EF /* RegisterButtonView.swift */; };
		55D706E02CA20F6C008461EF /* LoginViewModel.swift in Sources */ = {isa = PBXBuildFile; fileRef = 55D706DA2CA20F6B008461EF /* LoginViewModel.swift */; };
		55D706E12CA20F6C008461EF /* LoginViewController.swift in Sources */ = {isa = PBXBuildFile; fileRef = 55D706DC2CA20F6B008461EF /* LoginViewController.swift */; };
		55D706E32CA222F5008461EF /* GoogleService-Info.plist in Resources */ = {isa = PBXBuildFile; fileRef = 55D706E22CA222F5008461EF /* GoogleService-Info.plist */; };
/* End PBXBuildFile section */

/* Begin PBXFileReference section */
		5524DFCE2C61AC9200D0694B /* AirbnbCloneBootcamp.app */ = {isa = PBXFileReference; explicitFileType = wrapper.application; includeInIndex = 0; path = AirbnbCloneBootcamp.app; sourceTree = BUILT_PRODUCTS_DIR; };
		5524DFD12C61AC9200D0694B /* AppDelegate.swift */ = {isa = PBXFileReference; lastKnownFileType = sourcecode.swift; path = AppDelegate.swift; sourceTree = "<group>"; };
		5524DFD32C61AC9200D0694B /* SceneDelegate.swift */ = {isa = PBXFileReference; lastKnownFileType = sourcecode.swift; path = SceneDelegate.swift; sourceTree = "<group>"; };
		5524DFD52C61AC9200D0694B /* MainTabBarController.swift */ = {isa = PBXFileReference; lastKnownFileType = sourcecode.swift; path = MainTabBarController.swift; sourceTree = "<group>"; };
		5524DFDA2C61AC9400D0694B /* Assets.xcassets */ = {isa = PBXFileReference; lastKnownFileType = folder.assetcatalog; path = Assets.xcassets; sourceTree = "<group>"; };
		5524DFDD2C61AC9400D0694B /* Base */ = {isa = PBXFileReference; lastKnownFileType = file.storyboard; name = Base; path = Base.lproj/LaunchScreen.storyboard; sourceTree = "<group>"; };
		5524DFDF2C61AC9400D0694B /* Info.plist */ = {isa = PBXFileReference; lastKnownFileType = text.plist.xml; path = Info.plist; sourceTree = "<group>"; };
		5524DFE82C61B24100D0694B /* ExploreScreen.swift */ = {isa = PBXFileReference; fileEncoding = 4; lastKnownFileType = sourcecode.swift; path = ExploreScreen.swift; sourceTree = "<group>"; };
		5524DFEA2C61B24100D0694B /* ExploreVC.swift */ = {isa = PBXFileReference; fileEncoding = 4; lastKnownFileType = sourcecode.swift; path = ExploreVC.swift; sourceTree = "<group>"; };
		5524DFF02C61B3E400D0694B /* FavoriteScreen.swift */ = {isa = PBXFileReference; lastKnownFileType = sourcecode.swift; path = FavoriteScreen.swift; sourceTree = "<group>"; };
		5524DFF42C61B48D00D0694B /* FavoriteVC.swift */ = {isa = PBXFileReference; lastKnownFileType = sourcecode.swift; path = FavoriteVC.swift; sourceTree = "<group>"; };
		5524DFF92C61B55200D0694B /* TravelVC.swift */ = {isa = PBXFileReference; lastKnownFileType = sourcecode.swift; path = TravelVC.swift; sourceTree = "<group>"; };
		5524DFFB2C61B56100D0694B /* MessageVC.swift */ = {isa = PBXFileReference; lastKnownFileType = sourcecode.swift; path = MessageVC.swift; sourceTree = "<group>"; };
		5524DFFD2C61B56F00D0694B /* ProfileVC.swift */ = {isa = PBXFileReference; lastKnownFileType = sourcecode.swift; path = ProfileVC.swift; sourceTree = "<group>"; };
		5524E0022C61B5E000D0694B /* ProfileScreen.swift */ = {isa = PBXFileReference; lastKnownFileType = sourcecode.swift; path = ProfileScreen.swift; sourceTree = "<group>"; };
		5524E0042C61B5F200D0694B /* MessageScreen.swift */ = {isa = PBXFileReference; lastKnownFileType = sourcecode.swift; path = MessageScreen.swift; sourceTree = "<group>"; };
		5524E0062C61B60100D0694B /* TravelScreen.swift */ = {isa = PBXFileReference; lastKnownFileType = sourcecode.swift; path = TravelScreen.swift; sourceTree = "<group>"; };
		552A904B2C993F5500BC8A45 /* PropertyDataModel.swift */ = {isa = PBXFileReference; lastKnownFileType = sourcecode.swift; path = PropertyDataModel.swift; sourceTree = "<group>"; };
		552A904D2C99402F00BC8A45 /* DestinationTableViewCell.swift */ = {isa = PBXFileReference; lastKnownFileType = sourcecode.swift; path = DestinationTableViewCell.swift; sourceTree = "<group>"; };
		552A904F2C9951B100BC8A45 /* CategoryImageCollectionViewCell.swift */ = {isa = PBXFileReference; lastKnownFileType = sourcecode.swift; path = CategoryImageCollectionViewCell.swift; sourceTree = "<group>"; };
		552A90522C9969B000BC8A45 /* ExploreService.swift */ = {isa = PBXFileReference; lastKnownFileType = sourcecode.swift; path = ExploreService.swift; sourceTree = "<group>"; };
		552EE2F22C7D5CB300400F58 /* CategoryCollectionViewCell.swift */ = {isa = PBXFileReference; lastKnownFileType = sourcecode.swift; path = CategoryCollectionViewCell.swift; sourceTree = "<group>"; };
		552EE2F52C7D63A000400F58 /* ExploreViewModel.swift */ = {isa = PBXFileReference; lastKnownFileType = sourcecode.swift; path = ExploreViewModel.swift; sourceTree = "<group>"; };
		552EE2F82C7D644600400F58 /* TravelCategory.swift */ = {isa = PBXFileReference; lastKnownFileType = sourcecode.swift; path = TravelCategory.swift; sourceTree = "<group>"; };
		558F20FE2C8A84B100986D4D /* category.json */ = {isa = PBXFileReference; fileEncoding = 4; lastKnownFileType = text.json; path = category.json; sourceTree = "<group>"; };
		55CD56662C9CE68300E6A85E /* APIClient.swift */ = {isa = PBXFileReference; fileEncoding = 4; lastKnownFileType = sourcecode.swift; path = APIClient.swift; sourceTree = "<group>"; };
		55CD56672C9CE68300E6A85E /* HTTPClient.swift */ = {isa = PBXFileReference; fileEncoding = 4; lastKnownFileType = sourcecode.swift; path = HTTPClient.swift; sourceTree = "<group>"; };
		55CD56692C9CE68300E6A85E /* APIRequest.swift */ = {isa = PBXFileReference; fileEncoding = 4; lastKnownFileType = sourcecode.swift; path = APIRequest.swift; sourceTree = "<group>"; };
		55CD566B2C9CE68300E6A85E /* EmptyResponse.swift */ = {isa = PBXFileReference; fileEncoding = 4; lastKnownFileType = sourcecode.swift; path = EmptyResponse.swift; sourceTree = "<group>"; };
		55CD566D2C9CE68300E6A85E /* HTTPMethod.swift */ = {isa = PBXFileReference; fileEncoding = 4; lastKnownFileType = sourcecode.swift; path = HTTPMethod.swift; sourceTree = "<group>"; };
		55CD566F2C9CE68300E6A85E /* LocalFileReader.swift */ = {isa = PBXFileReference; fileEncoding = 4; lastKnownFileType = sourcecode.swift; path = LocalFileReader.swift; sourceTree = "<group>"; };
		55CD56712C9CE68300E6A85E /* NetworkError.swift */ = {isa = PBXFileReference; fileEncoding = 4; lastKnownFileType = sourcecode.swift; path = NetworkError.swift; sourceTree = "<group>"; };
		55CD56732C9CE68300E6A85E /* NetworkLogger.swift */ = {isa = PBXFileReference; fileEncoding = 4; lastKnownFileType = sourcecode.swift; path = NetworkLogger.swift; sourceTree = "<group>"; };
		55CD56752C9CE68300E6A85E /* Parameters.swift */ = {isa = PBXFileReference; fileEncoding = 4; lastKnownFileType = sourcecode.swift; path = Parameters.swift; sourceTree = "<group>"; };
		55CD56772C9CE68300E6A85E /* RequestBuilder.swift */ = {isa = PBXFileReference; fileEncoding = 4; lastKnownFileType = sourcecode.swift; path = RequestBuilder.swift; sourceTree = "<group>"; };
		55CD56842C9CE69200E6A85E /* place.json */ = {isa = PBXFileReference; fileEncoding = 4; lastKnownFileType = text.json; path = place.json; sourceTree = "<group>"; };
		55D706D72CA20F6B008461EF /* LoginScreen.swift */ = {isa = PBXFileReference; fileEncoding = 4; lastKnownFileType = sourcecode.swift; path = LoginScreen.swift; sourceTree = "<group>"; };
		55D706D82CA20F6B008461EF /* RegisterButtonView.swift */ = {isa = PBXFileReference; fileEncoding = 4; lastKnownFileType = sourcecode.swift; path = RegisterButtonView.swift; sourceTree = "<group>"; };
		55D706DA2CA20F6B008461EF /* LoginViewModel.swift */ = {isa = PBXFileReference; fileEncoding = 4; lastKnownFileType = sourcecode.swift; path = LoginViewModel.swift; sourceTree = "<group>"; };
		55D706DC2CA20F6B008461EF /* LoginViewController.swift */ = {isa = PBXFileReference; fileEncoding = 4; lastKnownFileType = sourcecode.swift; path = LoginViewController.swift; sourceTree = "<group>"; };
		55D706E22CA222F5008461EF /* GoogleService-Info.plist */ = {isa = PBXFileReference; fileEncoding = 4; lastKnownFileType = text.plist.xml; path = "GoogleService-Info.plist"; sourceTree = "<group>"; };
		705FCA3E17EA042656281BE9 /* Pods-AirbnbCloneBootcamp.debug.xcconfig */ = {isa = PBXFileReference; includeInIndex = 1; lastKnownFileType = text.xcconfig; name = "Pods-AirbnbCloneBootcamp.debug.xcconfig"; path = "Target Support Files/Pods-AirbnbCloneBootcamp/Pods-AirbnbCloneBootcamp.debug.xcconfig"; sourceTree = "<group>"; };
		7905D8A66E886C4FDF4B48B1 /* Pods-AirbnbCloneBootcamp.release.xcconfig */ = {isa = PBXFileReference; includeInIndex = 1; lastKnownFileType = text.xcconfig; name = "Pods-AirbnbCloneBootcamp.release.xcconfig"; path = "Target Support Files/Pods-AirbnbCloneBootcamp/Pods-AirbnbCloneBootcamp.release.xcconfig"; sourceTree = "<group>"; };
		F8DF0EDBF572F1D13AF791F5 /* Pods_AirbnbCloneBootcamp.framework */ = {isa = PBXFileReference; explicitFileType = wrapper.framework; includeInIndex = 0; path = Pods_AirbnbCloneBootcamp.framework; sourceTree = BUILT_PRODUCTS_DIR; };
/* End PBXFileReference section */

/* Begin PBXFrameworksBuildPhase section */
		5524DFCB2C61AC9200D0694B /* Frameworks */ = {
			isa = PBXFrameworksBuildPhase;
			buildActionMask = 2147483647;
			files = (
				2D5A5FE1793964244B715554 /* Pods_AirbnbCloneBootcamp.framework in Frameworks */,
			);
			runOnlyForDeploymentPostprocessing = 0;
		};
/* End PBXFrameworksBuildPhase section */

/* Begin PBXGroup section */
		1B6B0FDF3A46457E90753963 /* Frameworks */ = {
			isa = PBXGroup;
			children = (
				F8DF0EDBF572F1D13AF791F5 /* Pods_AirbnbCloneBootcamp.framework */,
			);
			name = Frameworks;
			sourceTree = "<group>";
		};
		5524DFC52C61AC9200D0694B = {
			isa = PBXGroup;
			children = (
				5524DFD02C61AC9200D0694B /* AirbnbCloneBootcamp */,
				5524DFCF2C61AC9200D0694B /* Products */,
				7E0F3015D6D4B7B4B9D8E55D /* Pods */,
				1B6B0FDF3A46457E90753963 /* Frameworks */,
			);
			sourceTree = "<group>";
		};
		5524DFCF2C61AC9200D0694B /* Products */ = {
			isa = PBXGroup;
			children = (
				5524DFCE2C61AC9200D0694B /* AirbnbCloneBootcamp.app */,
			);
			name = Products;
			sourceTree = "<group>";
		};
		5524DFD02C61AC9200D0694B /* AirbnbCloneBootcamp */ = {
			isa = PBXGroup;
			children = (
				55D706DD2CA20F6B008461EF /* Login */,
				55CD56792C9CE68300E6A85E /* Service */,
				558F20FA2C8A846E00986D4D /* Resource */,
				5524DFE52C61B15400D0694B /* MainTabBarController */,
				5524DFEB2C61B24100D0694B /* Explore */,
				5524DFEE2C61B3A100D0694B /* Favorite */,
				5524DFF82C61B52600D0694B /* Profile */,
				5524DFF72C61B51E00D0694B /* Message */,
				5524DFF62C61B51500D0694B /* Travel */,
				5524DFD32C61AC9200D0694B /* SceneDelegate.swift */,
				5524DFD12C61AC9200D0694B /* AppDelegate.swift */,
				5524DFDA2C61AC9400D0694B /* Assets.xcassets */,
				5524DFDC2C61AC9400D0694B /* LaunchScreen.storyboard */,
				5524DFDF2C61AC9400D0694B /* Info.plist */,
				55D706E22CA222F5008461EF /* GoogleService-Info.plist */,
			);
			path = AirbnbCloneBootcamp;
			sourceTree = "<group>";
		};
		5524DFE52C61B15400D0694B /* MainTabBarController */ = {
			isa = PBXGroup;
			children = (
				5524DFD52C61AC9200D0694B /* MainTabBarController.swift */,
			);
			path = MainTabBarController;
			sourceTree = "<group>";
		};
		5524DFE92C61B24100D0694B /* Screen */ = {
			isa = PBXGroup;
			children = (
				5524DFE82C61B24100D0694B /* ExploreScreen.swift */,
			);
			path = Screen;
			sourceTree = "<group>";
		};
		5524DFEB2C61B24100D0694B /* Explore */ = {
			isa = PBXGroup;
			children = (
				552A90512C9969A300BC8A45 /* Service */,
				552EE2F72C7D643800400F58 /* Model */,
				552EE2F42C7D635E00400F58 /* ViewModel */,
				552EE2F12C7D5C9900400F58 /* Cell */,
				5524DFE92C61B24100D0694B /* Screen */,
				5524DFEA2C61B24100D0694B /* ExploreVC.swift */,
			);
			path = Explore;
			sourceTree = "<group>";
		};
		5524DFEE2C61B3A100D0694B /* Favorite */ = {
			isa = PBXGroup;
			children = (
				5524DFEF2C61B3AC00D0694B /* Screen */,
				5524DFF42C61B48D00D0694B /* FavoriteVC.swift */,
			);
			path = Favorite;
			sourceTree = "<group>";
		};
		5524DFEF2C61B3AC00D0694B /* Screen */ = {
			isa = PBXGroup;
			children = (
				5524DFF02C61B3E400D0694B /* FavoriteScreen.swift */,
			);
			path = Screen;
			sourceTree = "<group>";
		};
		5524DFF62C61B51500D0694B /* Travel */ = {
			isa = PBXGroup;
			children = (
				5524E0012C61B5BF00D0694B /* Screen */,
				5524DFF92C61B55200D0694B /* TravelVC.swift */,
			);
			path = Travel;
			sourceTree = "<group>";
		};
		5524DFF72C61B51E00D0694B /* Message */ = {
			isa = PBXGroup;
			children = (
				5524E0002C61B5B500D0694B /* Screen */,
				5524DFFB2C61B56100D0694B /* MessageVC.swift */,
			);
			path = Message;
			sourceTree = "<group>";
		};
		5524DFF82C61B52600D0694B /* Profile */ = {
			isa = PBXGroup;
			children = (
				5524DFFF2C61B5B000D0694B /* Screen */,
				5524DFFD2C61B56F00D0694B /* ProfileVC.swift */,
			);
			path = Profile;
			sourceTree = "<group>";
		};
		5524DFFF2C61B5B000D0694B /* Screen */ = {
			isa = PBXGroup;
			children = (
				5524E0022C61B5E000D0694B /* ProfileScreen.swift */,
			);
			path = Screen;
			sourceTree = "<group>";
		};
		5524E0002C61B5B500D0694B /* Screen */ = {
			isa = PBXGroup;
			children = (
				5524E0042C61B5F200D0694B /* MessageScreen.swift */,
			);
			path = Screen;
			sourceTree = "<group>";
		};
		5524E0012C61B5BF00D0694B /* Screen */ = {
			isa = PBXGroup;
			children = (
				5524E0062C61B60100D0694B /* TravelScreen.swift */,
			);
			path = Screen;
			sourceTree = "<group>";
		};
		552A90512C9969A300BC8A45 /* Service */ = {
			isa = PBXGroup;
			children = (
				552A90522C9969B000BC8A45 /* ExploreService.swift */,
			);
			path = Service;
			sourceTree = "<group>";
		};
		552EE2F12C7D5C9900400F58 /* Cell */ = {
			isa = PBXGroup;
			children = (
				552EE2F22C7D5CB300400F58 /* CategoryCollectionViewCell.swift */,
				552A904D2C99402F00BC8A45 /* DestinationTableViewCell.swift */,
				552A904F2C9951B100BC8A45 /* CategoryImageCollectionViewCell.swift */,
			);
			path = Cell;
			sourceTree = "<group>";
		};
		552EE2F42C7D635E00400F58 /* ViewModel */ = {
			isa = PBXGroup;
			children = (
				552EE2F52C7D63A000400F58 /* ExploreViewModel.swift */,
			);
			path = ViewModel;
			sourceTree = "<group>";
		};
		552EE2F72C7D643800400F58 /* Model */ = {
			isa = PBXGroup;
			children = (
				552EE2F82C7D644600400F58 /* TravelCategory.swift */,
				552A904B2C993F5500BC8A45 /* PropertyDataModel.swift */,
			);
			path = Model;
			sourceTree = "<group>";
		};
		558F20FA2C8A846E00986D4D /* Resource */ = {
			isa = PBXGroup;
			children = (
				558F20FB2C8A847A00986D4D /* Json */,
			);
			path = Resource;
			sourceTree = "<group>";
		};
		558F20FB2C8A847A00986D4D /* Json */ = {
			isa = PBXGroup;
			children = (
				55CD56842C9CE69200E6A85E /* place.json */,
				558F20FE2C8A84B100986D4D /* category.json */,
			);
			path = Json;
			sourceTree = "<group>";
		};
		55CD56682C9CE68300E6A85E /* APIClient */ = {
			isa = PBXGroup;
			children = (
				55CD56662C9CE68300E6A85E /* APIClient.swift */,
				55CD56672C9CE68300E6A85E /* HTTPClient.swift */,
			);
			path = APIClient;
			sourceTree = "<group>";
		};
		55CD566A2C9CE68300E6A85E /* APIRequest */ = {
			isa = PBXGroup;
			children = (
				55CD56692C9CE68300E6A85E /* APIRequest.swift */,
			);
			path = APIRequest;
			sourceTree = "<group>";
		};
		55CD566C2C9CE68300E6A85E /* EmptyResponse */ = {
			isa = PBXGroup;
			children = (
				55CD566B2C9CE68300E6A85E /* EmptyResponse.swift */,
			);
			path = EmptyResponse;
			sourceTree = "<group>";
		};
		55CD566E2C9CE68300E6A85E /* HTTPMethod */ = {
			isa = PBXGroup;
			children = (
				55CD566D2C9CE68300E6A85E /* HTTPMethod.swift */,
			);
			path = HTTPMethod;
			sourceTree = "<group>";
		};
		55CD56702C9CE68300E6A85E /* LocalFileReader */ = {
			isa = PBXGroup;
			children = (
				55CD566F2C9CE68300E6A85E /* LocalFileReader.swift */,
			);
			path = LocalFileReader;
			sourceTree = "<group>";
		};
		55CD56722C9CE68300E6A85E /* NetworkError */ = {
			isa = PBXGroup;
			children = (
				55CD56712C9CE68300E6A85E /* NetworkError.swift */,
			);
			path = NetworkError;
			sourceTree = "<group>";
		};
		55CD56742C9CE68300E6A85E /* NetworkLogger */ = {
			isa = PBXGroup;
			children = (
				55CD56732C9CE68300E6A85E /* NetworkLogger.swift */,
			);
			path = NetworkLogger;
			sourceTree = "<group>";
		};
		55CD56762C9CE68300E6A85E /* Parameters */ = {
			isa = PBXGroup;
			children = (
				55CD56752C9CE68300E6A85E /* Parameters.swift */,
			);
			path = Parameters;
			sourceTree = "<group>";
		};
		55CD56782C9CE68300E6A85E /* RequestBuilder */ = {
			isa = PBXGroup;
			children = (
				55CD56772C9CE68300E6A85E /* RequestBuilder.swift */,
			);
			path = RequestBuilder;
			sourceTree = "<group>";
		};
		55CD56792C9CE68300E6A85E /* Service */ = {
			isa = PBXGroup;
			children = (
				55CD56682C9CE68300E6A85E /* APIClient */,
				55CD566A2C9CE68300E6A85E /* APIRequest */,
				55CD566C2C9CE68300E6A85E /* EmptyResponse */,
				55CD566E2C9CE68300E6A85E /* HTTPMethod */,
				55CD56702C9CE68300E6A85E /* LocalFileReader */,
				55CD56722C9CE68300E6A85E /* NetworkError */,
				55CD56742C9CE68300E6A85E /* NetworkLogger */,
				55CD56762C9CE68300E6A85E /* Parameters */,
				55CD56782C9CE68300E6A85E /* RequestBuilder */,
			);
			path = Service;
			sourceTree = "<group>";
		};
		55D706D92CA20F6B008461EF /* Screen */ = {
			isa = PBXGroup;
			children = (
				55D706D72CA20F6B008461EF /* LoginScreen.swift */,
				55D706D82CA20F6B008461EF /* RegisterButtonView.swift */,
			);
			path = Screen;
			sourceTree = "<group>";
		};
		55D706DB2CA20F6B008461EF /* ViewModel */ = {
			isa = PBXGroup;
			children = (
				55D706DA2CA20F6B008461EF /* LoginViewModel.swift */,
			);
			path = ViewModel;
			sourceTree = "<group>";
		};
		55D706DD2CA20F6B008461EF /* Login */ = {
			isa = PBXGroup;
			children = (
				55D706D92CA20F6B008461EF /* Screen */,
				55D706DB2CA20F6B008461EF /* ViewModel */,
				55D706DC2CA20F6B008461EF /* LoginViewController.swift */,
			);
			path = Login;
			sourceTree = "<group>";
		};
		7E0F3015D6D4B7B4B9D8E55D /* Pods */ = {
			isa = PBXGroup;
			children = (
				705FCA3E17EA042656281BE9 /* Pods-AirbnbCloneBootcamp.debug.xcconfig */,
				7905D8A66E886C4FDF4B48B1 /* Pods-AirbnbCloneBootcamp.release.xcconfig */,
			);
			path = Pods;
			sourceTree = "<group>";
		};
/* End PBXGroup section */

/* Begin PBXNativeTarget section */
		5524DFCD2C61AC9200D0694B /* AirbnbCloneBootcamp */ = {
			isa = PBXNativeTarget;
			buildConfigurationList = 5524DFE22C61AC9400D0694B /* Build configuration list for PBXNativeTarget "AirbnbCloneBootcamp" */;
			buildPhases = (
				14BA391C28B1E858EB529D2A /* [CP] Check Pods Manifest.lock */,
				5524DFCA2C61AC9200D0694B /* Sources */,
				5524DFCB2C61AC9200D0694B /* Frameworks */,
				5524DFCC2C61AC9200D0694B /* Resources */,
				1C0B0FC4028F4DB6E9BC6BA7 /* [CP] Embed Pods Frameworks */,
			);
			buildRules = (
			);
			dependencies = (
			);
			name = AirbnbCloneBootcamp;
			productName = AirbnbCloneBootcamp;
			productReference = 5524DFCE2C61AC9200D0694B /* AirbnbCloneBootcamp.app */;
			productType = "com.apple.product-type.application";
		};
/* End PBXNativeTarget section */

/* Begin PBXProject section */
		5524DFC62C61AC9200D0694B /* Project object */ = {
			isa = PBXProject;
			attributes = {
				BuildIndependentTargetsInParallel = 1;
				LastSwiftUpdateCheck = 1540;
				LastUpgradeCheck = 1540;
				TargetAttributes = {
					5524DFCD2C61AC9200D0694B = {
						CreatedOnToolsVersion = 15.4;
					};
				};
			};
			buildConfigurationList = 5524DFC92C61AC9200D0694B /* Build configuration list for PBXProject "AirbnbCloneBootcamp" */;
			compatibilityVersion = "Xcode 14.0";
			developmentRegion = en;
			hasScannedForEncodings = 0;
			knownRegions = (
				en,
				Base,
			);
			mainGroup = 5524DFC52C61AC9200D0694B;
			productRefGroup = 5524DFCF2C61AC9200D0694B /* Products */;
			projectDirPath = "";
			projectRoot = "";
			targets = (
				5524DFCD2C61AC9200D0694B /* AirbnbCloneBootcamp */,
			);
		};
/* End PBXProject section */

/* Begin PBXResourcesBuildPhase section */
		5524DFCC2C61AC9200D0694B /* Resources */ = {
			isa = PBXResourcesBuildPhase;
			buildActionMask = 2147483647;
			files = (
				558F20FF2C8A84B100986D4D /* category.json in Resources */,
				5524DFDB2C61AC9400D0694B /* Assets.xcassets in Resources */,
				5524DFDE2C61AC9400D0694B /* Base in Resources */,
				55CD56852C9CE69200E6A85E /* place.json in Resources */,
				55D706E32CA222F5008461EF /* GoogleService-Info.plist in Resources */,
			);
			runOnlyForDeploymentPostprocessing = 0;
		};
/* End PBXResourcesBuildPhase section */

/* Begin PBXShellScriptBuildPhase section */
		14BA391C28B1E858EB529D2A /* [CP] Check Pods Manifest.lock */ = {
			isa = PBXShellScriptBuildPhase;
			buildActionMask = 2147483647;
			files = (
			);
			inputFileListPaths = (
			);
			inputPaths = (
				"${PODS_PODFILE_DIR_PATH}/Podfile.lock",
				"${PODS_ROOT}/Manifest.lock",
			);
			name = "[CP] Check Pods Manifest.lock";
			outputFileListPaths = (
			);
			outputPaths = (
				"$(DERIVED_FILE_DIR)/Pods-AirbnbCloneBootcamp-checkManifestLockResult.txt",
			);
			runOnlyForDeploymentPostprocessing = 0;
			shellPath = /bin/sh;
			shellScript = "diff \"${PODS_PODFILE_DIR_PATH}/Podfile.lock\" \"${PODS_ROOT}/Manifest.lock\" > /dev/null\nif [ $? != 0 ] ; then\n    # print error to STDERR\n    echo \"error: The sandbox is not in sync with the Podfile.lock. Run 'pod install' or update your CocoaPods installation.\" >&2\n    exit 1\nfi\n# This output is used by Xcode 'outputs' to avoid re-running this script phase.\necho \"SUCCESS\" > \"${SCRIPT_OUTPUT_FILE_0}\"\n";
			showEnvVarsInLog = 0;
		};
		1C0B0FC4028F4DB6E9BC6BA7 /* [CP] Embed Pods Frameworks */ = {
			isa = PBXShellScriptBuildPhase;
			buildActionMask = 2147483647;
			files = (
			);
			inputFileListPaths = (
				"${PODS_ROOT}/Target Support Files/Pods-AirbnbCloneBootcamp/Pods-AirbnbCloneBootcamp-frameworks-${CONFIGURATION}-input-files.xcfilelist",
			);
			name = "[CP] Embed Pods Frameworks";
			outputFileListPaths = (
				"${PODS_ROOT}/Target Support Files/Pods-AirbnbCloneBootcamp/Pods-AirbnbCloneBootcamp-frameworks-${CONFIGURATION}-output-files.xcfilelist",
			);
			runOnlyForDeploymentPostprocessing = 0;
			shellPath = /bin/sh;
			shellScript = "\"${PODS_ROOT}/Target Support Files/Pods-AirbnbCloneBootcamp/Pods-AirbnbCloneBootcamp-frameworks.sh\"\n";
			showEnvVarsInLog = 0;
		};
/* End PBXShellScriptBuildPhase section */

/* Begin PBXSourcesBuildPhase section */
		5524DFCA2C61AC9200D0694B /* Sources */ = {
			isa = PBXSourcesBuildPhase;
			buildActionMask = 2147483647;
			files = (
				55CD56812C9CE68300E6A85E /* NetworkLogger.swift in Sources */,
				552A904E2C99402F00BC8A45 /* DestinationTableViewCell.swift in Sources */,
				55D706E02CA20F6C008461EF /* LoginViewModel.swift in Sources */,
				5524E0072C61B60100D0694B /* TravelScreen.swift in Sources */,
				5524DFFE2C61B56F00D0694B /* ProfileVC.swift in Sources */,
				5524DFFA2C61B55200D0694B /* TravelVC.swift in Sources */,
				552A90502C9951B100BC8A45 /* CategoryImageCollectionViewCell.swift in Sources */,
				5524DFFC2C61B56100D0694B /* MessageVC.swift in Sources */,
				55CD56802C9CE68300E6A85E /* NetworkError.swift in Sources */,
				55CD567F2C9CE68300E6A85E /* LocalFileReader.swift in Sources */,
				55CD567B2C9CE68300E6A85E /* HTTPClient.swift in Sources */,
				5524E0052C61B5F200D0694B /* MessageScreen.swift in Sources */,
				55CD567E2C9CE68300E6A85E /* HTTPMethod.swift in Sources */,
				5524DFEC2C61B24100D0694B /* ExploreScreen.swift in Sources */,
				55CD567A2C9CE68300E6A85E /* APIClient.swift in Sources */,
				55CD567C2C9CE68300E6A85E /* APIRequest.swift in Sources */,
				55D706DF2CA20F6C008461EF /* RegisterButtonView.swift in Sources */,
				55CD56832C9CE68300E6A85E /* RequestBuilder.swift in Sources */,
				552EE2F62C7D63A000400F58 /* ExploreViewModel.swift in Sources */,
				55CD567D2C9CE68300E6A85E /* EmptyResponse.swift in Sources */,
				5524E0032C61B5E000D0694B /* ProfileScreen.swift in Sources */,
				5524DFD62C61AC9200D0694B /* MainTabBarController.swift in Sources */,
				5524DFD22C61AC9200D0694B /* AppDelegate.swift in Sources */,
				5524DFF12C61B3E400D0694B /* FavoriteScreen.swift in Sources */,
				552EE2F92C7D644600400F58 /* TravelCategory.swift in Sources */,
				5524DFD42C61AC9200D0694B /* SceneDelegate.swift in Sources */,
				552A90532C9969B000BC8A45 /* ExploreService.swift in Sources */,
				552A904C2C993F5500BC8A45 /* PropertyDataModel.swift in Sources */,
				5524DFF52C61B48D00D0694B /* FavoriteVC.swift in Sources */,
				552EE2F32C7D5CB300400F58 /* CategoryCollectionViewCell.swift in Sources */,
				55D706E12CA20F6C008461EF /* LoginViewController.swift in Sources */,
				5524DFED2C61B24100D0694B /* ExploreVC.swift in Sources */,
				55CD56822C9CE68300E6A85E /* Parameters.swift in Sources */,
				55D706DE2CA20F6C008461EF /* LoginScreen.swift in Sources */,
			);
			runOnlyForDeploymentPostprocessing = 0;
		};
/* End PBXSourcesBuildPhase section */

/* Begin PBXVariantGroup section */
		5524DFDC2C61AC9400D0694B /* LaunchScreen.storyboard */ = {
			isa = PBXVariantGroup;
			children = (
				5524DFDD2C61AC9400D0694B /* Base */,
			);
			name = LaunchScreen.storyboard;
			sourceTree = "<group>";
		};
/* End PBXVariantGroup section */

/* Begin XCBuildConfiguration section */
		5524DFE02C61AC9400D0694B /* Debug */ = {
			isa = XCBuildConfiguration;
			buildSettings = {
				ALWAYS_SEARCH_USER_PATHS = NO;
				ASSETCATALOG_COMPILER_GENERATE_SWIFT_ASSET_SYMBOL_EXTENSIONS = YES;
				CLANG_ANALYZER_NONNULL = YES;
				CLANG_ANALYZER_NUMBER_OBJECT_CONVERSION = YES_AGGRESSIVE;
				CLANG_CXX_LANGUAGE_STANDARD = "gnu++20";
				CLANG_ENABLE_MODULES = YES;
				CLANG_ENABLE_OBJC_ARC = YES;
				CLANG_ENABLE_OBJC_WEAK = YES;
				CLANG_WARN_BLOCK_CAPTURE_AUTORELEASING = YES;
				CLANG_WARN_BOOL_CONVERSION = YES;
				CLANG_WARN_COMMA = YES;
				CLANG_WARN_CONSTANT_CONVERSION = YES;
				CLANG_WARN_DEPRECATED_OBJC_IMPLEMENTATIONS = YES;
				CLANG_WARN_DIRECT_OBJC_ISA_USAGE = YES_ERROR;
				CLANG_WARN_DOCUMENTATION_COMMENTS = YES;
				CLANG_WARN_EMPTY_BODY = YES;
				CLANG_WARN_ENUM_CONVERSION = YES;
				CLANG_WARN_INFINITE_RECURSION = YES;
				CLANG_WARN_INT_CONVERSION = YES;
				CLANG_WARN_NON_LITERAL_NULL_CONVERSION = YES;
				CLANG_WARN_OBJC_IMPLICIT_RETAIN_SELF = YES;
				CLANG_WARN_OBJC_LITERAL_CONVERSION = YES;
				CLANG_WARN_OBJC_ROOT_CLASS = YES_ERROR;
				CLANG_WARN_QUOTED_INCLUDE_IN_FRAMEWORK_HEADER = YES;
				CLANG_WARN_RANGE_LOOP_ANALYSIS = YES;
				CLANG_WARN_STRICT_PROTOTYPES = YES;
				CLANG_WARN_SUSPICIOUS_MOVE = YES;
				CLANG_WARN_UNGUARDED_AVAILABILITY = YES_AGGRESSIVE;
				CLANG_WARN_UNREACHABLE_CODE = YES;
				CLANG_WARN__DUPLICATE_METHOD_MATCH = YES;
				COPY_PHASE_STRIP = NO;
				DEBUG_INFORMATION_FORMAT = dwarf;
				ENABLE_STRICT_OBJC_MSGSEND = YES;
				ENABLE_TESTABILITY = YES;
				ENABLE_USER_SCRIPT_SANDBOXING = YES;
				GCC_C_LANGUAGE_STANDARD = gnu17;
				GCC_DYNAMIC_NO_PIC = NO;
				GCC_NO_COMMON_BLOCKS = YES;
				GCC_OPTIMIZATION_LEVEL = 0;
				GCC_PREPROCESSOR_DEFINITIONS = (
					"DEBUG=1",
					"$(inherited)",
				);
				GCC_WARN_64_TO_32_BIT_CONVERSION = YES;
				GCC_WARN_ABOUT_RETURN_TYPE = YES_ERROR;
				GCC_WARN_UNDECLARED_SELECTOR = YES;
				GCC_WARN_UNINITIALIZED_AUTOS = YES_AGGRESSIVE;
				GCC_WARN_UNUSED_FUNCTION = YES;
				GCC_WARN_UNUSED_VARIABLE = YES;
				IPHONEOS_DEPLOYMENT_TARGET = 17.5;
				LOCALIZATION_PREFERS_STRING_CATALOGS = YES;
				MTL_ENABLE_DEBUG_INFO = INCLUDE_SOURCE;
				MTL_FAST_MATH = YES;
				ONLY_ACTIVE_ARCH = YES;
				SDKROOT = iphoneos;
				SWIFT_ACTIVE_COMPILATION_CONDITIONS = "DEBUG $(inherited)";
				SWIFT_OPTIMIZATION_LEVEL = "-Onone";
			};
			name = Debug;
		};
		5524DFE12C61AC9400D0694B /* Release */ = {
			isa = XCBuildConfiguration;
			buildSettings = {
				ALWAYS_SEARCH_USER_PATHS = NO;
				ASSETCATALOG_COMPILER_GENERATE_SWIFT_ASSET_SYMBOL_EXTENSIONS = YES;
				CLANG_ANALYZER_NONNULL = YES;
				CLANG_ANALYZER_NUMBER_OBJECT_CONVERSION = YES_AGGRESSIVE;
				CLANG_CXX_LANGUAGE_STANDARD = "gnu++20";
				CLANG_ENABLE_MODULES = YES;
				CLANG_ENABLE_OBJC_ARC = YES;
				CLANG_ENABLE_OBJC_WEAK = YES;
				CLANG_WARN_BLOCK_CAPTURE_AUTORELEASING = YES;
				CLANG_WARN_BOOL_CONVERSION = YES;
				CLANG_WARN_COMMA = YES;
				CLANG_WARN_CONSTANT_CONVERSION = YES;
				CLANG_WARN_DEPRECATED_OBJC_IMPLEMENTATIONS = YES;
				CLANG_WARN_DIRECT_OBJC_ISA_USAGE = YES_ERROR;
				CLANG_WARN_DOCUMENTATION_COMMENTS = YES;
				CLANG_WARN_EMPTY_BODY = YES;
				CLANG_WARN_ENUM_CONVERSION = YES;
				CLANG_WARN_INFINITE_RECURSION = YES;
				CLANG_WARN_INT_CONVERSION = YES;
				CLANG_WARN_NON_LITERAL_NULL_CONVERSION = YES;
				CLANG_WARN_OBJC_IMPLICIT_RETAIN_SELF = YES;
				CLANG_WARN_OBJC_LITERAL_CONVERSION = YES;
				CLANG_WARN_OBJC_ROOT_CLASS = YES_ERROR;
				CLANG_WARN_QUOTED_INCLUDE_IN_FRAMEWORK_HEADER = YES;
				CLANG_WARN_RANGE_LOOP_ANALYSIS = YES;
				CLANG_WARN_STRICT_PROTOTYPES = YES;
				CLANG_WARN_SUSPICIOUS_MOVE = YES;
				CLANG_WARN_UNGUARDED_AVAILABILITY = YES_AGGRESSIVE;
				CLANG_WARN_UNREACHABLE_CODE = YES;
				CLANG_WARN__DUPLICATE_METHOD_MATCH = YES;
				COPY_PHASE_STRIP = NO;
				DEBUG_INFORMATION_FORMAT = "dwarf-with-dsym";
				ENABLE_NS_ASSERTIONS = NO;
				ENABLE_STRICT_OBJC_MSGSEND = YES;
				ENABLE_USER_SCRIPT_SANDBOXING = YES;
				GCC_C_LANGUAGE_STANDARD = gnu17;
				GCC_NO_COMMON_BLOCKS = YES;
				GCC_WARN_64_TO_32_BIT_CONVERSION = YES;
				GCC_WARN_ABOUT_RETURN_TYPE = YES_ERROR;
				GCC_WARN_UNDECLARED_SELECTOR = YES;
				GCC_WARN_UNINITIALIZED_AUTOS = YES_AGGRESSIVE;
				GCC_WARN_UNUSED_FUNCTION = YES;
				GCC_WARN_UNUSED_VARIABLE = YES;
				IPHONEOS_DEPLOYMENT_TARGET = 17.5;
				LOCALIZATION_PREFERS_STRING_CATALOGS = YES;
				MTL_ENABLE_DEBUG_INFO = NO;
				MTL_FAST_MATH = YES;
				SDKROOT = iphoneos;
				SWIFT_COMPILATION_MODE = wholemodule;
				VALIDATE_PRODUCT = YES;
			};
			name = Release;
		};
		5524DFE32C61AC9400D0694B /* Debug */ = {
			isa = XCBuildConfiguration;
			baseConfigurationReference = 705FCA3E17EA042656281BE9 /* Pods-AirbnbCloneBootcamp.debug.xcconfig */;
			buildSettings = {
				ASSETCATALOG_COMPILER_APPICON_NAME = AppIcon;
				ASSETCATALOG_COMPILER_GLOBAL_ACCENT_COLOR_NAME = AccentColor;
				CODE_SIGN_STYLE = Automatic;
				CURRENT_PROJECT_VERSION = 1;
				ENABLE_USER_SCRIPT_SANDBOXING = NO;
				GENERATE_INFOPLIST_FILE = YES;
				INFOPLIST_FILE = AirbnbCloneBootcamp/Info.plist;
				INFOPLIST_KEY_UIApplicationSupportsIndirectInputEvents = YES;
				INFOPLIST_KEY_UILaunchStoryboardName = LaunchScreen;
				INFOPLIST_KEY_UIMainStoryboardFile = "";
				INFOPLIST_KEY_UISupportedInterfaceOrientations_iPad = "UIInterfaceOrientationPortrait UIInterfaceOrientationPortraitUpsideDown UIInterfaceOrientationLandscapeLeft UIInterfaceOrientationLandscapeRight";
				INFOPLIST_KEY_UISupportedInterfaceOrientations_iPhone = "UIInterfaceOrientationPortrait UIInterfaceOrientationLandscapeLeft UIInterfaceOrientationLandscapeRight";
				LD_RUNPATH_SEARCH_PATHS = (
					"$(inherited)",
					"@executable_path/Frameworks",
				);
				MARKETING_VERSION = 1.0;
				PRODUCT_BUNDLE_IDENTIFIER = bootcampiOS.AirbnbCloneBootcamp;
				PRODUCT_NAME = "$(TARGET_NAME)";
				SUPPORTED_PLATFORMS = "iphoneos iphonesimulator";
				SUPPORTS_MACCATALYST = NO;
				SUPPORTS_MAC_DESIGNED_FOR_IPHONE_IPAD = NO;
				SUPPORTS_XR_DESIGNED_FOR_IPHONE_IPAD = NO;
				SWIFT_EMIT_LOC_STRINGS = YES;
				SWIFT_VERSION = 5.0;
				TARGETED_DEVICE_FAMILY = "1,2";
			};
			name = Debug;
		};
		5524DFE42C61AC9400D0694B /* Release */ = {
			isa = XCBuildConfiguration;
			baseConfigurationReference = 7905D8A66E886C4FDF4B48B1 /* Pods-AirbnbCloneBootcamp.release.xcconfig */;
			buildSettings = {
				ASSETCATALOG_COMPILER_APPICON_NAME = AppIcon;
				ASSETCATALOG_COMPILER_GLOBAL_ACCENT_COLOR_NAME = AccentColor;
				CODE_SIGN_STYLE = Automatic;
				CURRENT_PROJECT_VERSION = 1;
				ENABLE_USER_SCRIPT_SANDBOXING = NO;
				GENERATE_INFOPLIST_FILE = YES;
				INFOPLIST_FILE = AirbnbCloneBootcamp/Info.plist;
				INFOPLIST_KEY_UIApplicationSupportsIndirectInputEvents = YES;
				INFOPLIST_KEY_UILaunchStoryboardName = LaunchScreen;
				INFOPLIST_KEY_UIMainStoryboardFile = "";
				INFOPLIST_KEY_UISupportedInterfaceOrientations_iPad = "UIInterfaceOrientationPortrait UIInterfaceOrientationPortraitUpsideDown UIInterfaceOrientationLandscapeLeft UIInterfaceOrientationLandscapeRight";
				INFOPLIST_KEY_UISupportedInterfaceOrientations_iPhone = "UIInterfaceOrientationPortrait UIInterfaceOrientationLandscapeLeft UIInterfaceOrientationLandscapeRight";
				LD_RUNPATH_SEARCH_PATHS = (
					"$(inherited)",
					"@executable_path/Frameworks",
				);
				MARKETING_VERSION = 1.0;
				PRODUCT_BUNDLE_IDENTIFIER = bootcampiOS.AirbnbCloneBootcamp;
				PRODUCT_NAME = "$(TARGET_NAME)";
				SUPPORTED_PLATFORMS = "iphoneos iphonesimulator";
				SUPPORTS_MACCATALYST = NO;
				SUPPORTS_MAC_DESIGNED_FOR_IPHONE_IPAD = NO;
				SUPPORTS_XR_DESIGNED_FOR_IPHONE_IPAD = NO;
				SWIFT_EMIT_LOC_STRINGS = YES;
				SWIFT_VERSION = 5.0;
				TARGETED_DEVICE_FAMILY = "1,2";
			};
			name = Release;
		};
/* End XCBuildConfiguration section */

/* Begin XCConfigurationList section */
		5524DFC92C61AC9200D0694B /* Build configuration list for PBXProject "AirbnbCloneBootcamp" */ = {
			isa = XCConfigurationList;
			buildConfigurations = (
				5524DFE02C61AC9400D0694B /* Debug */,
				5524DFE12C61AC9400D0694B /* Release */,
			);
			defaultConfigurationIsVisible = 0;
			defaultConfigurationName = Release;
		};
		5524DFE22C61AC9400D0694B /* Build configuration list for PBXNativeTarget "AirbnbCloneBootcamp" */ = {
			isa = XCConfigurationList;
			buildConfigurations = (
				5524DFE32C61AC9400D0694B /* Debug */,
				5524DFE42C61AC9400D0694B /* Release */,
			);
			defaultConfigurationIsVisible = 0;
			defaultConfigurationName = Release;
		};
/* End XCConfigurationList section */
	};
	rootObject = 5524DFC62C61AC9200D0694B /* Project object */;
}
